
Microsoft Visual Studio Solution File, Format Version 12.00
# Visual Studio 15
VisualStudioVersion = 15.0.28307.645
MinimumVisualStudioVersion = 10.0.40219.1
Project("{FAE04EC0-301F-11D3-BF4B-00C04F79EFBC}") = "MagicImageCompare", "MagicImageCompare\MagicImageCompare.csproj", "{6F8BEEF5-2A3B-4BD3-9501-5B4CB61A1868}"
EndProject
Global
	GlobalSection(SolutionConfigurationPlatforms) = preSolution
		Debug|Any CPU = Debug|Any CPU
		Release|Any CPU = Release|Any CPU
	EndGlobalSection
	GlobalSection(ProjectConfigurationPlatforms) = postSolution
		{6F8BEEF5-2A3B-4BD3-9501-5B4CB61A1868}.Debug|Any CPU.ActiveCfg = Debug|Any CPU
		{6F8BEEF5-2A3B-4BD3-9501-5B4CB61A1868}.Debug|Any CPU.Build.0 = Debug|Any CPU
		{6F8BEEF5-2A3B-4BD3-9501-5B4CB61A1868}.Release|Any CPU.ActiveCfg = Release|Any CPU
		{6F8BEEF5-2A3B-4BD3-9501-5B4CB61A1868}.Release|Any CPU.Build.0 = Release|Any CPU
	EndGlobalSection
	GlobalSection(SolutionProperties) = preSolution
		HideSolutionNode = FALSE
	EndGlobalSection
	GlobalSection(ExtensibilityGlobals) = postSolution
		SolutionGuid = {0C801464-1472-4976-8936-968CD90CA06F}
	EndGlobalSection
EndGlobal
